// !$*UTF8*$!
{
	archiveVersion = 1;
	classes = {
	};
	objectVersion = 46;
	objects = {

/* Begin PBXBuildFile section */
		844D89271E83C6D600AE1179 /* AppDelegate.swift in Sources */ = {isa = PBXBuildFile; fileRef = 844D89261E83C6D600AE1179 /* AppDelegate.swift */; };
		844D89291E83C6D600AE1179 /* ViewController.swift in Sources */ = {isa = PBXBuildFile; fileRef = 844D89281E83C6D600AE1179 /* ViewController.swift */; };
		844D892C1E83C6D600AE1179 /* Main.storyboard in Resources */ = {isa = PBXBuildFile; fileRef = 844D892A1E83C6D600AE1179 /* Main.storyboard */; };
		844D892E1E83C6D700AE1179 /* Assets.xcassets in Resources */ = {isa = PBXBuildFile; fileRef = 844D892D1E83C6D700AE1179 /* Assets.xcassets */; };
		844D89311E83C6D700AE1179 /* LaunchScreen.storyboard in Resources */ = {isa = PBXBuildFile; fileRef = 844D892F1E83C6D700AE1179 /* LaunchScreen.storyboard */; };
/* End PBXBuildFile section */

/* Begin PBXFileReference section */
		844D89231E83C6D600AE1179 /* LoginFlow.app */ = {isa = PBXFileReference; explicitFileType = wrapper.application; includeInIndex = 0; path = LoginFlow.app; sourceTree = BUILT_PRODUCTS_DIR; };
		844D89261E83C6D600AE1179 /* AppDelegate.swift */ = {isa = PBXFileReference; lastKnownFileType = sourcecode.swift; path = AppDelegate.swift; sourceTree = "<group>"; };
		844D89281E83C6D600AE1179 /* ViewController.swift */ = {isa = PBXFileReference; lastKnownFileType = sourcecode.swift; path = ViewController.swift; sourceTree = "<group>"; };
		844D892B1E83C6D600AE1179 /* Base */ = {isa = PBXFileReference; lastKnownFileType = file.storyboard; name = Base; path = Base.lproj/Main.storyboard; sourceTree = "<group>"; };
		844D892D1E83C6D700AE1179 /* Assets.xcassets */ = {isa = PBXFileReference; lastKnownFileType = folder.assetcatalog; path = Assets.xcassets; sourceTree = "<group>"; };
		844D89301E83C6D700AE1179 /* Base */ = {isa = PBXFileReference; lastKnownFileType = file.storyboard; name = Base; path = Base.lproj/LaunchScreen.storyboard; sourceTree = "<group>"; };
		844D89321E83C6D700AE1179 /* Info.plist */ = {isa = PBXFileReference; lastKnownFileType = text.plist.xml; path = Info.plist; sourceTree = "<group>"; };
/* End PBXFileReference section */

/* Begin PBXFrameworksBuildPhase section */
		844D89201E83C6D600AE1179 /* Frameworks */ = {
			isa = PBXFrameworksBuildPhase;
			buildActionMask = 2147483647;
			files = (
			);
			runOnlyForDeploymentPostprocessing = 0;
		};
/* End PBXFrameworksBuildPhase section */

/* Begin PBXGroup section */
		844D891A1E83C6D500AE1179 = {
			isa = PBXGroup;
			children = (
				844D89251E83C6D600AE1179 /* LoginFlow */,
				844D89241E83C6D600AE1179 /* Products */,
			);
			sourceTree = "<group>";
		};
		844D89241E83C6D600AE1179 /* Products */ = {
			isa = PBXGroup;
			children = (
				844D89231E83C6D600AE1179 /* LoginFlow.app */,
			);
			name = Products;
			sourceTree = "<group>";
		};
		844D89251E83C6D600AE1179 /* LoginFlow */ = {
			isa = PBXGroup;
			children = (
				844D89261E83C6D600AE1179 /* AppDelegate.swift */,
				844D89281E83C6D600AE1179 /* ViewController.swift */,
				844D892A1E83C6D600AE1179 /* Main.storyboard */,
				844D892D1E83C6D700AE1179 /* Assets.xcassets */,
				844D892F1E83C6D700AE1179 /* LaunchScreen.storyboard */,
				844D89321E83C6D700AE1179 /* Info.plist */,
			);
			path = LoginFlow;
			sourceTree = "<group>";
		};
/* End PBXGroup section */

/* Begin PBXNativeTarget section */
		844D89221E83C6D600AE1179 /* LoginFlow */ = {
			isa = PBXNativeTarget;
			buildConfigurationList = 844D89351E83C6D700AE1179 /* Build configuration list for PBXNativeTarget "LoginFlow" */;
			buildPhases = (
				844D891F1E83C6D600AE1179 /* Sources */,
				844D89201E83C6D600AE1179 /* Frameworks */,
				844D89211E83C6D600AE1179 /* Resources */,
			);
			buildRules = (
			);
			dependencies = (
			);
			name = LoginFlow;
			productName = LoginFlow;
			productReference = 844D89231E83C6D600AE1179 /* LoginFlow.app */;
			productType = "com.apple.product-type.application";
		};
/* End PBXNativeTarget section */

/* Begin PBXProject section */
		844D891B1E83C6D500AE1179 /* Project object */ = {
			isa = PBXProject;
			attributes = {
				LastSwiftUpdateCheck = 0820;
				LastUpgradeCheck = 0820;
				ORGANIZATIONNAME = Jakkawad.Chaiplee;
				TargetAttributes = {
					844D89221E83C6D600AE1179 = {
						CreatedOnToolsVersion = 8.2.1;
						ProvisioningStyle = Automatic;
					};
				};
			};
			buildConfigurationList = 844D891E1E83C6D600AE1179 /* Build configuration list for PBXProject "LoginFlow" */;
			compatibilityVersion = "Xcode 3.2";
			developmentRegion = English;
			hasScannedForEncodings = 0;
			knownRegions = (
				en,
				Base,
			);
			mainGroup = 844D891A1E83C6D500AE1179;
			productRefGroup = 844D89241E83C6D600AE1179 /* Products */;
			projectDirPath = "";
			projectRoot = "";
			targets = (
				844D89221E83C6D600AE1179 /* LoginFlow */,
			);
		};
/* End PBXProject section */

/* Begin PBXResourcesBuildPhase section */
		844D89211E83C6D600AE1179 /* Resources */ = {
			isa = PBXResourcesBuildPhase;
			buildActionMask = 2147483647;
			files = (
				844D89311E83C6D700AE1179 /* LaunchScreen.storyboard in Resources */,
				844D892E1E83C6D700AE1179 /* Assets.xcassets in Resources */,
				844D892C1E83C6D600AE1179 /* Main.storyboard in Resources */,
			);
			runOnlyForDeploymentPostprocessing = 0;
		};
/* End PBXResourcesBuildPhase section */

/* Begin PBXSourcesBuildPhase section */
		844D891F1E83C6D600AE1179 /* Sources */ = {
			isa = PBXSourcesBuildPhase;
			buildActionMask = 2147483647;
			files = (
				844D89291E83C6D600AE1179 /* ViewController.swift in Sources */,
				844D89271E83C6D600AE1179 /* AppDelegate.swift in Sources */,
			);
			runOnlyForDeploymentPostprocessing = 0;
		};
/* End PBXSourcesBuildPhase section */

/* Begin PBXVariantGroup section */
		844D892A1E83C6D600AE1179 /* Main.storyboard */ = {
			isa = PBXVariantGroup;
			children = (
				844D892B1E83C6D600AE1179 /* Base */,
			);
			name = Main.storyboard;
			sourceTree = "<group>";
		};
		844D892F1E83C6D700AE1179 /* LaunchScreen.storyboard */ = {
			isa = PBXVariantGroup;
			children = (
				844D89301E83C6D700AE1179 /* Base */,
			);
			name = LaunchScreen.storyboard;
			sourceTree = "<group>";
		};
/* End PBXVariantGroup section */

/* Begin XCBuildConfiguration section */
		844D89331E83C6D700AE1179 /* Debug */ = {
			isa = XCBuildConfiguration;
			buildSettings = {
				ALWAYS_SEARCH_USER_PATHS = NO;
				CLANG_ANALYZER_NONNULL = YES;
				CLANG_CXX_LANGUAGE_STANDARD = "gnu++0x";
				CLANG_CXX_LIBRARY = "libc++";
				CLANG_ENABLE_MODULES = YES;
				CLANG_ENABLE_OBJC_ARC = YES;
				CLANG_WARN_BOOL_CONVERSION = YES;
				CLANG_WARN_CONSTANT_CONVERSION = YES;
				CLANG_WARN_DIRECT_OBJC_ISA_USAGE = YES_ERROR;
				CLANG_WARN_DOCUMENTATION_COMMENTS = YES;
				CLANG_WARN_EMPTY_BODY = YES;
				CLANG_WARN_ENUM_CONVERSION = YES;
				CLANG_WARN_INFINITE_RECURSION = YES;
				CLANG_WARN_INT_CONVERSION = YES;
				CLANG_WARN_OBJC_ROOT_CLASS = YES_ERROR;
				CLANG_WARN_SUSPICIOUS_MOVE = YES;
				CLANG_WARN_UNREACHABLE_CODE = YES;
				CLANG_WARN__DUPLICATE_METHOD_MATCH = YES;
				"CODE_SIGN_IDENTITY[sdk=iphoneos*]" = "iPhone Developer";
				COPY_PHASE_STRIP = NO;
				DEBUG_INFORMATION_FORMAT = dwarf;
				ENABLE_STRICT_OBJC_MSGSEND = YES;
				ENABLE_TESTABILITY = YES;
				GCC_C_LANGUAGE_STANDARD = gnu99;
				GCC_DYNAMIC_NO_PIC = NO;
				GCC_NO_COMMON_BLOCKS = YES;
				GCC_OPTIMIZATION_LEVEL = 0;
				GCC_PREPROCESSOR_DEFINITIONS = (
					"DEBUG=1",
					"$(inherited)",
				);
				GCC_WARN_64_TO_32_BIT_CONVERSION = YES;
				GCC_WARN_ABOUT_RETURN_TYPE = YES_ERROR;
				GCC_WARN_UNDECLARED_SELECTOR = YES;
				GCC_WARN_UNINITIALIZED_AUTOS = YES_AGGRESSIVE;
				GCC_WARN_UNUSED_FUNCTION = YES;
				GCC_WARN_UNUSED_VARIABLE = YES;
				IPHONEOS_DEPLOYMENT_TARGET = 10.2;
				MTL_ENABLE_DEBUG_INFO = YES;
				ONLY_ACTIVE_ARCH = YES;
				SDKROOT = iphoneos;
				SWIFT_ACTIVE_COMPILATION_CONDITIONS = DEBUG;
				SWIFT_OPTIMIZATION_LEVEL = "-Onone";
			};
			name = Debug;
		};
		844D89341E83C6D700AE1179 /* Release */ = {
			isa = XCBuildConfiguration;
			buildSettings = {
				ALWAYS_SEARCH_USER_PATHS = NO;
				CLANG_ANALYZER_NONNULL = YES;
				CLANG_CXX_LANGUAGE_STANDARD = "gnu++0x";
				CLANG_CXX_LIBRARY = "libc++";
				CLANG_ENABLE_MODULES = YES;
				CLANG_ENABLE_OBJC_ARC = YES;
				CLANG_WARN_BOOL_CONVERSION = YES;
				CLANG_WARN_CONSTANT_CONVERSION = YES;
				CLANG_WARN_DIRECT_OBJC_ISA_USAGE = YES_ERROR;
				CLANG_WARN_DOCUMENTATION_COMMENTS = YES;
				CLANG_WARN_EMPTY_BODY = YES;
				CLANG_WARN_ENUM_CONVERSION = YES;
				CLANG_WARN_INFINITE_RECURSION = YES;
				CLANG_WARN_INT_CONVERSION = YES;
				CLANG_WARN_OBJC_ROOT_CLASS = YES_ERROR;
				CLANG_WARN_SUSPICIOUS_MOVE = YES;
				CLANG_WARN_UNREACHABLE_CODE = YES;
				CLANG_WARN__DUPLICATE_METHOD_MATCH = YES;
				"CODE_SIGN_IDENTITY[sdk=iphoneos*]" = "iPhone Developer";
				COPY_PHASE_STRIP = NO;
				DEBUG_INFORMATION_FORMAT = "dwarf-with-dsym";
				ENABLE_NS_ASSERTIONS = NO;
				ENABLE_STRICT_OBJC_MSGSEND = YES;
				GCC_C_LANGUAGE_STANDARD = gnu99;
				GCC_NO_COMMON_BLOCKS = YES;
				GCC_WARN_64_TO_32_BIT_CONVERSION = YES;
				GCC_WARN_ABOUT_RETURN_TYPE = YES_ERROR;
				GCC_WARN_UNDECLARED_SELECTOR = YES;
				GCC_WARN_UNINITIALIZED_AUTOS = YES_AGGRESSIVE;
				GCC_WARN_UNUSED_FUNCTION = YES;
				GCC_WARN_UNUSED_VARIABLE = YES;
				IPHONEOS_DEPLOYMENT_TARGET = 10.2;
				MTL_ENABLE_DEBUG_INFO = NO;
				SDKROOT = iphoneos;
				SWIFT_OPTIMIZATION_LEVEL = "-Owholemodule";
				VALIDATE_PRODUCT = YES;
			};
			name = Release;
		};
		844D89361E83C6D700AE1179 /* Debug */ = {
			isa = XCBuildConfiguration;
			buildSettings = {
				ASSETCATALOG_COMPILER_APPICON_NAME = AppIcon;
				INFOPLIST_FILE = LoginFlow/Info.plist;
				LD_RUNPATH_SEARCH_PATHS = "$(inherited) @executable_path/Frameworks";
				PRODUCT_BUNDLE_IDENTIFIER = "com.sunny-juof.LoginFlow";
				PRODUCT_NAME = "$(TARGET_NAME)";
				SWIFT_VERSION = 3.0;
			};
			name = Debug;
		};
		844D89371E83C6D700AE1179 /* Release */ = {
			isa = XCBuildConfiguration;
			buildSettings = {
				ASSETCATALOG_COMPILER_APPICON_NAME = AppIcon;
				INFOPLIST_FILE = LoginFlow/Info.plist;
				LD_RUNPATH_SEARCH_PATHS = "$(inherited) @executable_path/Frameworks";
				PRODUCT_BUNDLE_IDENTIFIER = "com.sunny-juof.LoginFlow";
				PRODUCT_NAME = "$(TARGET_NAME)";
				SWIFT_VERSION = 3.0;
			};
			name = Release;
		};
/* End XCBuildConfiguration section */

/* Begin XCConfigurationList section */
		844D891E1E83C6D600AE1179 /* Build configuration list for PBXProject "LoginFlow" */ = {
			isa = XCConfigurationList;
			buildConfigurations = (
				844D89331E83C6D700AE1179 /* Debug */,
				844D89341E83C6D700AE1179 /* Release */,
			);
			defaultConfigurationIsVisible = 0;
			defaultConfigurationName = Release;
		};
		844D89351E83C6D700AE1179 /* Build configuration list for PBXNativeTarget "LoginFlow" */ = {
			isa = XCConfigurationList;
			buildConfigurations = (
				844D89361E83C6D700AE1179 /* Debug */,
				844D89371E83C6D700AE1179 /* Release */,
			);
			defaultConfigurationIsVisible = 0;
		};
/* End XCConfigurationList section */
	};
	rootObject = 844D891B1E83C6D500AE1179 /* Project object */;
}
